
Microsoft Visual Studio Solution File, Format Version 12.00
# Visual Studio Version 17
VisualStudioVersion = 17.14.37111.16 d17.14
MinimumVisualStudioVersion = 10.0.40219.1
Project("{FAE04EC0-301F-11D3-BF4B-00C04F79EFBC}") = "ComplexUnit.Tweaks.Vehicles", "ComplexUnit.Tweaks.Vehicles\ComplexUnit.Tweaks.Vehicles.csproj", "{C858136E-02D8-481D-909C-AF01328CD2C7}"
EndProject
Global
	GlobalSection(SolutionConfigurationPlatforms) = preSolution
		Debug|Any CPU = Debug|Any CPU
		Release|Any CPU = Release|Any CPU
	EndGlobalSection
	GlobalSection(ProjectConfigurationPlatforms) = postSolution
		{C858136E-02D8-481D-909C-AF01328CD2C7}.Debug|Any CPU.ActiveCfg = Debug|Any CPU
		{C858136E-02D8-481D-909C-AF01328CD2C7}.Debug|Any CPU.Build.0 = Debug|Any CPU
		{C858136E-02D8-481D-909C-AF01328CD2C7}.Release|Any CPU.ActiveCfg = Release|Any CPU
		{C858136E-02D8-481D-909C-AF01328CD2C7}.Release|Any CPU.Build.0 = Release|Any CPU
	EndGlobalSection
	GlobalSection(SolutionProperties) = preSolution
		HideSolutionNode = FALSE
	EndGlobalSection
	GlobalSection(ExtensibilityGlobals) = postSolution
		SolutionGuid = {160CD423-2F54-4774-AB0A-EE91E0384909}
	EndGlobalSection
	GlobalSection(AutomaticVersions) = postSolution
		UpdateAssemblyVersion = True
		UpdateAssemblyFileVersion = True
		UpdateAssemblyInfoVersion = True
		AdvancedSettingsExpanded = True
		AssemblyVersionSettings = None.None.None.None
		AssemblyFileVersionSettings = None.None.None.None
		AssemblyInfoVersionSettings = None.None.None.None
		UpdatePackageVersion = False
		AssemblyInfoVersionType = SettingsVersion
		InheritWinAppVersionFrom = None
	EndGlobalSection
EndGlobal
